
Microsoft Visual Studio Solution File, Format Version 12.00
# Visual Studio Version 17
VisualStudioVersion = 17.9.34723.18
MinimumVisualStudioVersion = 10.0.40219.1
Project("{2150E333-8FDC-42A3-9474-1A3956D46DE8}") = "Ethereal", "Ethereal", "{6D2722D5-CED7-42B3-A445-70234748E041}"
EndProject
Project("{9A19103F-16F7-4668-BE54-9A1E7A4F7556}") = "Ethereal.Utils", "Ethereal.Utils\Ethereal.Utils.csproj", "{FD942618-A641-4856-B1D3-B0503608C59E}"
EndProject
Project("{9A19103F-16F7-4668-BE54-9A1E7A4F7556}") = "Ethereal.Logging", "Ethereal.Logging\Ethereal.Logging.csproj", "{3CB864CE-6555-45BB-95BB-A5EDEDCD183E}"
EndProject
Project("{9A19103F-16F7-4668-BE54-9A1E7A4F7556}") = "Ethereal.GUI", "Ethereal.GUI\Ethereal.GUI.csproj", "{381678FE-2871-48C8-8B32-7DBF2B531B93}"
EndProject
Project("{9A19103F-16F7-4668-BE54-9A1E7A4F7556}") = "Ethereal.HaloWars", "Ethereal.HaloWars\Ethereal.HaloWars.csproj", "{9C222A07-FD8A-4341-B75E-377641CAECD1}"
EndProject
Project("{9A19103F-16F7-4668-BE54-9A1E7A4F7556}") = "Ethereal.Data", "Ethereal.Config\Ethereal.Data.csproj", "{8870378B-575A-4D8A-96F2-50A7AE3A6D2B}"
EndProject
Project("{9A19103F-16F7-4668-BE54-9A1E7A4F7556}") = "Ethereal.Data", "Ethereal.Data\Ethereal.Data.csproj", "{9CE129A4-10DA-4305-AED8-E23058CD74C1}"
EndProject
Global
	GlobalSection(SolutionConfigurationPlatforms) = preSolution
		Debug|Any CPU = Debug|Any CPU
		Release|Any CPU = Release|Any CPU
	EndGlobalSection
	GlobalSection(ProjectConfigurationPlatforms) = postSolution
		{FD942618-A641-4856-B1D3-B0503608C59E}.Debug|Any CPU.ActiveCfg = Debug|Any CPU
		{FD942618-A641-4856-B1D3-B0503608C59E}.Debug|Any CPU.Build.0 = Debug|Any CPU
		{FD942618-A641-4856-B1D3-B0503608C59E}.Release|Any CPU.ActiveCfg = Release|Any CPU
		{FD942618-A641-4856-B1D3-B0503608C59E}.Release|Any CPU.Build.0 = Release|Any CPU
		{3CB864CE-6555-45BB-95BB-A5EDEDCD183E}.Debug|Any CPU.ActiveCfg = Debug|Any CPU
		{3CB864CE-6555-45BB-95BB-A5EDEDCD183E}.Debug|Any CPU.Build.0 = Debug|Any CPU
		{3CB864CE-6555-45BB-95BB-A5EDEDCD183E}.Release|Any CPU.ActiveCfg = Release|Any CPU
		{3CB864CE-6555-45BB-95BB-A5EDEDCD183E}.Release|Any CPU.Build.0 = Release|Any CPU
		{381678FE-2871-48C8-8B32-7DBF2B531B93}.Debug|Any CPU.ActiveCfg = Debug|Any CPU
		{381678FE-2871-48C8-8B32-7DBF2B531B93}.Debug|Any CPU.Build.0 = Debug|Any CPU
		{381678FE-2871-48C8-8B32-7DBF2B531B93}.Release|Any CPU.ActiveCfg = Release|Any CPU
		{381678FE-2871-48C8-8B32-7DBF2B531B93}.Release|Any CPU.Build.0 = Release|Any CPU
		{9C222A07-FD8A-4341-B75E-377641CAECD1}.Debug|Any CPU.ActiveCfg = Debug|Any CPU
		{9C222A07-FD8A-4341-B75E-377641CAECD1}.Debug|Any CPU.Build.0 = Debug|Any CPU
		{9C222A07-FD8A-4341-B75E-377641CAECD1}.Release|Any CPU.ActiveCfg = Release|Any CPU
		{9C222A07-FD8A-4341-B75E-377641CAECD1}.Release|Any CPU.Build.0 = Release|Any CPU
		{8870378B-575A-4D8A-96F2-50A7AE3A6D2B}.Debug|Any CPU.ActiveCfg = Debug|Any CPU
		{8870378B-575A-4D8A-96F2-50A7AE3A6D2B}.Debug|Any CPU.Build.0 = Debug|Any CPU
		{8870378B-575A-4D8A-96F2-50A7AE3A6D2B}.Release|Any CPU.ActiveCfg = Release|Any CPU
		{8870378B-575A-4D8A-96F2-50A7AE3A6D2B}.Release|Any CPU.Build.0 = Release|Any CPU
		{9CE129A4-10DA-4305-AED8-E23058CD74C1}.Debug|Any CPU.ActiveCfg = Debug|Any CPU
		{9CE129A4-10DA-4305-AED8-E23058CD74C1}.Debug|Any CPU.Build.0 = Debug|Any CPU
		{9CE129A4-10DA-4305-AED8-E23058CD74C1}.Release|Any CPU.ActiveCfg = Release|Any CPU
		{9CE129A4-10DA-4305-AED8-E23058CD74C1}.Release|Any CPU.Build.0 = Release|Any CPU
	EndGlobalSection
	GlobalSection(SolutionProperties) = preSolution
		HideSolutionNode = FALSE
	EndGlobalSection
	GlobalSection(NestedProjects) = preSolution
		{FD942618-A641-4856-B1D3-B0503608C59E} = {6D2722D5-CED7-42B3-A445-70234748E041}
		{3CB864CE-6555-45BB-95BB-A5EDEDCD183E} = {6D2722D5-CED7-42B3-A445-70234748E041}
		{381678FE-2871-48C8-8B32-7DBF2B531B93} = {6D2722D5-CED7-42B3-A445-70234748E041}
		{9C222A07-FD8A-4341-B75E-377641CAECD1} = {6D2722D5-CED7-42B3-A445-70234748E041}
		{8870378B-575A-4D8A-96F2-50A7AE3A6D2B} = {6D2722D5-CED7-42B3-A445-70234748E041}
		{9CE129A4-10DA-4305-AED8-E23058CD74C1} = {6D2722D5-CED7-42B3-A445-70234748E041}
	EndGlobalSection
	GlobalSection(ExtensibilityGlobals) = postSolution
		SolutionGuid = {7A233FA3-DFC6-47F9-9A8F-6745E143DB0C}
	EndGlobalSection
EndGlobal
